
Microsoft Visual Studio Solution File, Format Version 12.00
# Visual Studio Version 16
VisualStudioVersion = 16.0.31624.102
MinimumVisualStudioVersion = 10.0.40219.1
Project("{FAE04EC0-301F-11D3-BF4B-00C04F79EFBC}") = "PDL_Task_Core", "PDL_Task_Core\PDL_Task_Core.csproj", "{C86CB6C4-BCB4-4029-B5E1-80A134364DC4}"
EndProject
Project("{FAE04EC0-301F-11D3-BF4B-00C04F79EFBC}") = "PDL_Task_MVC5", "PDL_Task_MVC5\PDL_Task_MVC5.csproj", "{FC231235-E8D0-412C-8D34-58A87CD40147}"
EndProject
Global
	GlobalSection(SolutionConfigurationPlatforms) = preSolution
		Debug|Any CPU = Debug|Any CPU
		Release|Any CPU = Release|Any CPU
	EndGlobalSection
	GlobalSection(ProjectConfigurationPlatforms) = postSolution
		{C86CB6C4-BCB4-4029-B5E1-80A134364DC4}.Debug|Any CPU.ActiveCfg = Debug|Any CPU
		{C86CB6C4-BCB4-4029-B5E1-80A134364DC4}.Debug|Any CPU.Build.0 = Debug|Any CPU
		{C86CB6C4-BCB4-4029-B5E1-80A134364DC4}.Release|Any CPU.ActiveCfg = Release|Any CPU
		{C86CB6C4-BCB4-4029-B5E1-80A134364DC4}.Release|Any CPU.Build.0 = Release|Any CPU
		{FC231235-E8D0-412C-8D34-58A87CD40147}.Debug|Any CPU.ActiveCfg = Debug|Any CPU
		{FC231235-E8D0-412C-8D34-58A87CD40147}.Debug|Any CPU.Build.0 = Debug|Any CPU
		{FC231235-E8D0-412C-8D34-58A87CD40147}.Release|Any CPU.ActiveCfg = Release|Any CPU
		{FC231235-E8D0-412C-8D34-58A87CD40147}.Release|Any CPU.Build.0 = Release|Any CPU
	EndGlobalSection
	GlobalSection(SolutionProperties) = preSolution
		HideSolutionNode = FALSE
	EndGlobalSection
	GlobalSection(ExtensibilityGlobals) = postSolution
		SolutionGuid = {11E533C9-C364-4FB3-92D1-B174EEDC4156}
	EndGlobalSection
EndGlobal
